
Microsoft Visual Studio Solution File, Format Version 12.00
# Visual Studio Version 16
VisualStudioVersion = 16.0.32106.194
MinimumVisualStudioVersion = 10.0.40219.1
Project("{FAE04EC0-301F-11D3-BF4B-00C04F79EFBC}") = "ProductApp", "ProductApp\ProductApp.csproj", "{B3624BA6-CDC1-40D4-8107-04E1E7C56B3D}"
EndProject
Global
	GlobalSection(SolutionConfigurationPlatforms) = preSolution
		Debug|Any CPU = Debug|Any CPU
		Release|Any CPU = Release|Any CPU
	EndGlobalSection
	GlobalSection(ProjectConfigurationPlatforms) = postSolution
		{B3624BA6-CDC1-40D4-8107-04E1E7C56B3D}.Debug|Any CPU.ActiveCfg = Debug|Any CPU
		{B3624BA6-CDC1-40D4-8107-04E1E7C56B3D}.Debug|Any CPU.Build.0 = Debug|Any CPU
		{B3624BA6-CDC1-40D4-8107-04E1E7C56B3D}.Release|Any CPU.ActiveCfg = Release|Any CPU
		{B3624BA6-CDC1-40D4-8107-04E1E7C56B3D}.Release|Any CPU.Build.0 = Release|Any CPU
	EndGlobalSection
	GlobalSection(SolutionProperties) = preSolution
		HideSolutionNode = FALSE
	EndGlobalSection
	GlobalSection(ExtensibilityGlobals) = postSolution
		SolutionGuid = {89A3831D-A00A-450C-8930-E8DB820C62A1}
	EndGlobalSection
EndGlobal
