
Microsoft Visual Studio Solution File, Format Version 12.00
# Visual Studio Version 16
VisualStudioVersion = 16.0.32106.194
MinimumVisualStudioVersion = 10.0.40219.1
Project("{FAE04EC0-301F-11D3-BF4B-00C04F79EFBC}") = "EmployeeApp", "EmployeeApp\EmployeeApp.csproj", "{D189C7FE-DD21-4421-A19B-FCD90BAF508F}"
EndProject
Global
	GlobalSection(SolutionConfigurationPlatforms) = preSolution
		Debug|Any CPU = Debug|Any CPU
		Release|Any CPU = Release|Any CPU
	EndGlobalSection
	GlobalSection(ProjectConfigurationPlatforms) = postSolution
		{D189C7FE-DD21-4421-A19B-FCD90BAF508F}.Debug|Any CPU.ActiveCfg = Debug|Any CPU
		{D189C7FE-DD21-4421-A19B-FCD90BAF508F}.Debug|Any CPU.Build.0 = Debug|Any CPU
		{D189C7FE-DD21-4421-A19B-FCD90BAF508F}.Release|Any CPU.ActiveCfg = Release|Any CPU
		{D189C7FE-DD21-4421-A19B-FCD90BAF508F}.Release|Any CPU.Build.0 = Release|Any CPU
	EndGlobalSection
	GlobalSection(SolutionProperties) = preSolution
		HideSolutionNode = FALSE
	EndGlobalSection
	GlobalSection(ExtensibilityGlobals) = postSolution
		SolutionGuid = {5436DC67-EB88-4CDD-920B-DA16C42F78CD}
	EndGlobalSection
EndGlobal
